{
  "nodes": {
    "blueprint": {
      "inputs": {
        "nixpkgs": [
          "nixpkgs"
        ],
        "systems": "systems"
      },
      "locked": {
        "lastModified": 1758687491,
        "narHash": "sha256-sy8Q+MfBe+MZzYj4MJwBDe4lkLnmhy1POO86hWZgqO8=",
        "owner": "numtide",
        "repo": "blueprint",
        "rev": "7ecaeb70f63d14a397c73b38f57177894bb795c8",
        "type": "github"
      },
      "original": {
        "owner": "numtide",
        "repo": "blueprint",
        "type": "github"
      }
    },
    "nixpkgs": {
      "locked": {
        "lastModified": 1759670943,
        "narHash": "sha256-JBjTDfwzAwtd8+5X/Weg27WE/3hVYOP3uggP2JPaQVQ=",
        "owner": "NixOS",
        "repo": "nixpkgs",
        "rev": "21980a9c20f34648121f60bda15f419fa568db21",
        "type": "github"
      },
      "original": {
        "owner": "NixOS",
        "repo": "nixpkgs",
        "type": "github"
      }
    },
    "root": {
      "inputs": {
        "blueprint": "blueprint",
        "nixpkgs": "nixpkgs"
      }
    },
    "systems": {
      "locked": {
        "lastModified": 1681028828,
        "narHash": "sha256-Vy1rq5AaRuLzOxct8nz4T6wlgyUR7zLU309k9mBC768=",
        "owner": "nix-systems",
        "repo": "default",
        "rev": "da67096a3b9bf56a91d16901293e51ba5b49a27e",
        "type": "github"
      },
      "original": {
        "owner": "nix-systems",
        "repo": "default",
        "type": "github"
      }
    }
  },
  "root": "root",
  "version": 7
}
